
Microsoft Visual Studio Solution File, Format Version 12.00
# Visual Studio Version 16
VisualStudioVersion = 16.0.31613.86
MinimumVisualStudioVersion = 10.0.40219.1
Project("{FAE04EC0-301F-11D3-BF4B-00C04F79EFBC}") = "MyNUnitDemo", "MyNUnitDemo\MyNUnitDemo.csproj", "{2ACEF78E-9FC6-4BDC-920E-21DFBDBDE157}"
EndProject
Project("{FAE04EC0-301F-11D3-BF4B-00C04F79EFBC}") = "NUnitTest", "NUnitTest\NUnitTest.csproj", "{57067719-AD69-44DD-818D-209D98B3F6B6}"
EndProject
Global
	GlobalSection(SolutionConfigurationPlatforms) = preSolution
		Debug|Any CPU = Debug|Any CPU
		Release|Any CPU = Release|Any CPU
	EndGlobalSection
	GlobalSection(ProjectConfigurationPlatforms) = postSolution
		{2ACEF78E-9FC6-4BDC-920E-21DFBDBDE157}.Debug|Any CPU.ActiveCfg = Debug|Any CPU
		{2ACEF78E-9FC6-4BDC-920E-21DFBDBDE157}.Debug|Any CPU.Build.0 = Debug|Any CPU
		{2ACEF78E-9FC6-4BDC-920E-21DFBDBDE157}.Release|Any CPU.ActiveCfg = Release|Any CPU
		{2ACEF78E-9FC6-4BDC-920E-21DFBDBDE157}.Release|Any CPU.Build.0 = Release|Any CPU
		{57067719-AD69-44DD-818D-209D98B3F6B6}.Debug|Any CPU.ActiveCfg = Debug|Any CPU
		{57067719-AD69-44DD-818D-209D98B3F6B6}.Debug|Any CPU.Build.0 = Debug|Any CPU
		{57067719-AD69-44DD-818D-209D98B3F6B6}.Release|Any CPU.ActiveCfg = Release|Any CPU
		{57067719-AD69-44DD-818D-209D98B3F6B6}.Release|Any CPU.Build.0 = Release|Any CPU
	EndGlobalSection
	GlobalSection(SolutionProperties) = preSolution
		HideSolutionNode = FALSE
	EndGlobalSection
	GlobalSection(ExtensibilityGlobals) = postSolution
		SolutionGuid = {3E9DF7C6-825F-45EF-A51F-BB0B9F32073F}
	EndGlobalSection
EndGlobal
